PODS:
  - Ads-Global (5.8.0.8):
    - Ads-Global/BUAdSDK (= 5.8.0.8)
  - Ads-Global/BUAdSDK (5.8.0.8):
    - Ads-Global/BURelyAdSDK
    - Ads-Global/Dep_Accurate
  - Ads-Global/BURelyAdSDK (5.8.0.8)
  - Ads-Global/Dep_Accurate (5.8.0.8):
    - BURelyFoundation_Global/Pangle (= 0.2.1.4)
  - AppLovinSDK (12.4.1)
  - BURelyFoundation_Global/AFNetworking (0.2.1.4)
  - BURelyFoundation_Global/APM (0.2.1.4)
  - BURelyFoundation_Global/Foundation (0.2.1.4):
    - BURelyFoundation_Global/NETWork
  - BURelyFoundation_Global/Gecko (0.2.1.4):
    - BURelyFoundation_Global/Foundation
  - BURelyFoundation_Global/Header (0.2.1.4)
  - BURelyFoundation_Global/NETWork (0.2.1.4):
    - BURelyFoundation_Global/AFNetworking
  - BURelyFoundation_Global/Pangle (0.2.1.4):
    - BURelyFoundation_Global/AFNetworking
    - BURelyFoundation_Global/APM
    - BURelyFoundation_Global/Foundation
    - BURelyFoundation_Global/Gecko
    - BURelyFoundation_Global/Header
    - BURelyFoundation_Global/NETWork
    - BURelyFoundation_Global/SDWebImage
    - BURelyFoundation_Global/YYModel
    - BURelyFoundation_Global/ZFPlayer
    - BURelyFoundation_Global/Zip
  - BURelyFoundation_Global/SDWebImage (0.2.1.4):
    - BURelyFoundation_Global/Foundation
  - BURelyFoundation_Global/YYModel (0.2.1.4)
  - BURelyFoundation_Global/ZFPlayer (0.2.1.4):
    - BURelyFoundation_Global/Foundation
    - BURelyFoundation_Global/Zip
  - BURelyFoundation_Global/Zip (0.2.1.4):
    - BURelyFoundation_Global/Foundation
  - ChartboostSDK (9.7.0)
  - FBAudienceNetwork (6.15.0)
  - Flutter (1.0.0)
  - flutter_inapp_purchase (0.0.1):
    - Flutter
  - Google-Mobile-Ads-SDK (11.2.0):
    - GoogleUserMessagingPlatform (>= 1.1)
  - google_mobile_ads (1.0.0):
    - Flutter
    - Google-Mobile-Ads-SDK (~> 11.2.0)
    - webview_flutter_wkwebview
  - GoogleMobileAdsMediationAppLovin (12.4.1.0):
    - AppLovinSDK (= 12.4.1)
    - Google-Mobile-Ads-SDK (~> 11.0)
  - GoogleMobileAdsMediationChartboost (9.7.0.0):
    - ChartboostSDK (= 9.7.0)
    - Google-Mobile-Ads-SDK (~> 11.0)
  - GoogleMobileAdsMediationFacebook (6.15.0.0):
    - FBAudienceNetwork (= 6.15.0)
    - Google-Mobile-Ads-SDK (~> 11.0)
  - GoogleMobileAdsMediationInMobi (10.7.1.0):
    - Google-Mobile-Ads-SDK (~> 11.0)
    - InMobiSDK (= 10.7.1)
  - GoogleMobileAdsMediationMintegral (7.6.1.0):
    - Google-Mobile-Ads-SDK (~> 11.0)
    - MintegralAdSDK/All (= 7.6.1)
  - GoogleMobileAdsMediationPangle (5.8.0.8.0):
    - Ads-Global (= 5.8.0.8)
    - Google-Mobile-Ads-SDK (~> 11.0)
  - GoogleMobileAdsMediationTestSuite (3.0.0):
    - Google-Mobile-Ads-SDK (>= 9.0.0)
    - MaterialComponents/Cards (~> 124.0)
    - MaterialComponents/Dialogs (~> 124.0)
    - "MaterialComponents/Dialogs+Theming (~> 124.0)"
    - MaterialComponents/Tabs (~> 124.0)
  - GoogleMobileAdsMediationUnity (4.10.0.0):
    - Google-Mobile-Ads-SDK (~> 11.0)
    - UnityAds (= 4.10.0)
  - GoogleUserMessagingPlatform (2.3.0)
  - InMobiSDK (10.7.1)
  - MaterialComponents/AnimationTiming (124.2.0)
  - MaterialComponents/Availability (124.2.0)
  - MaterialComponents/Buttons (124.2.0):
    - MaterialComponents/Elevation
    - MaterialComponents/Ink
    - MaterialComponents/private/Math
    - MaterialComponents/Ripple
    - MaterialComponents/Shadow
    - MaterialComponents/ShadowElevations
    - MaterialComponents/ShadowLayer
    - MaterialComponents/ShapeLibrary
    - MaterialComponents/Shapes
    - MaterialComponents/Typography
    - MDFInternationalization
    - MDFTextAccessibility
  - "MaterialComponents/Buttons+ColorThemer (124.2.0)":
    - MaterialComponents/Buttons
    - MaterialComponents/schemes/Color
  - "MaterialComponents/Buttons+ShapeThemer (124.2.0)":
    - MaterialComponents/Buttons
    - MaterialComponents/schemes/Shape
  - "MaterialComponents/Buttons+Theming (124.2.0)":
    - MaterialComponents/Buttons
    - "MaterialComponents/Buttons+ColorThemer"
    - "MaterialComponents/Buttons+ShapeThemer"
    - "MaterialComponents/Buttons+TypographyThemer"
    - MaterialComponents/schemes/Container
    - MaterialComponents/ShadowElevations
  - "MaterialComponents/Buttons+TypographyThemer (124.2.0)":
    - MaterialComponents/Buttons
    - MaterialComponents/schemes/Typography
  - MaterialComponents/Cards (124.2.0):
    - MaterialComponents/Elevation
    - MaterialComponents/Ink
    - MaterialComponents/private/Icons/ic_check_circle
    - MaterialComponents/private/Math
    - MaterialComponents/Ripple
    - MaterialComponents/ShadowLayer
    - MaterialComponents/Shapes
  - MaterialComponents/Dialogs (124.2.0):
    - MaterialComponents/Buttons
    - MaterialComponents/Elevation
    - MaterialComponents/private/KeyboardWatcher
    - MaterialComponents/private/Math
    - MaterialComponents/ShadowElevations
    - MaterialComponents/ShadowLayer
    - MaterialComponents/Typography
    - MDFInternationalization
  - "MaterialComponents/Dialogs+ColorThemer (124.2.0)":
    - "MaterialComponents/Buttons+ColorThemer"
    - MaterialComponents/Dialogs
    - MaterialComponents/Themes
  - "MaterialComponents/Dialogs+Theming (124.2.0)":
    - "MaterialComponents/Buttons+Theming"
    - MaterialComponents/Dialogs
    - "MaterialComponents/Dialogs+ColorThemer"
    - "MaterialComponents/Dialogs+TypographyThemer"
    - MaterialComponents/schemes/Container
    - MaterialComponents/ShadowElevations
  - "MaterialComponents/Dialogs+TypographyThemer (124.2.0)":
    - "MaterialComponents/Buttons+TypographyThemer"
    - MaterialComponents/Dialogs
    - MaterialComponents/schemes/Typography
  - MaterialComponents/Elevation (124.2.0):
    - MaterialComponents/Availability
    - MaterialComponents/private/Color
    - MaterialComponents/private/Math
  - MaterialComponents/Ink (124.2.0):
    - MaterialComponents/Availability
    - MaterialComponents/private/Color
    - MaterialComponents/private/Math
  - MaterialComponents/Palettes (124.2.0)
  - MaterialComponents/private/Application (124.2.0)
  - MaterialComponents/private/Color (124.2.0):
    - MaterialComponents/Availability
  - MaterialComponents/private/Icons/Base (124.2.0)
  - MaterialComponents/private/Icons/ic_check_circle (124.2.0):
    - MaterialComponents/private/Icons/Base
  - MaterialComponents/private/KeyboardWatcher (124.2.0):
    - MaterialComponents/private/Application
  - MaterialComponents/private/Math (124.2.0)
  - MaterialComponents/Ripple (124.2.0):
    - MaterialComponents/AnimationTiming
    - MaterialComponents/Availability
    - MaterialComponents/private/Color
    - MaterialComponents/private/Math
  - MaterialComponents/schemes/Color (124.2.0):
    - MaterialComponents/Availability
    - MaterialComponents/private/Color
  - MaterialComponents/schemes/Container (124.2.0):
    - MaterialComponents/schemes/Color
    - MaterialComponents/schemes/Shape
    - MaterialComponents/schemes/Typography
  - MaterialComponents/schemes/Shape (124.2.0):
    - MaterialComponents/ShapeLibrary
    - MaterialComponents/Shapes
  - MaterialComponents/schemes/Typography (124.2.0):
    - "MaterialComponents/schemes/Typography+BasicFontScheme"
    - "MaterialComponents/schemes/Typography+Scheming"
    - MaterialComponents/Typography
  - "MaterialComponents/schemes/Typography+BasicFontScheme (124.2.0)"
  - "MaterialComponents/schemes/Typography+Scheming (124.2.0)"
  - MaterialComponents/Shadow (124.2.0):
    - MaterialComponents/Availability
  - MaterialComponents/ShadowElevations (124.2.0)
  - MaterialComponents/ShadowLayer (124.2.0):
    - MaterialComponents/ShadowElevations
  - MaterialComponents/ShapeLibrary (124.2.0):
    - MaterialComponents/private/Math
    - MaterialComponents/Shapes
  - MaterialComponents/Shapes (124.2.0):
    - MaterialComponents/private/Color
    - MaterialComponents/private/Math
    - MaterialComponents/ShadowLayer
  - MaterialComponents/Tabs (124.2.0):
    - MaterialComponents/AnimationTiming
    - MaterialComponents/Elevation
    - MaterialComponents/Ink
    - MaterialComponents/Palettes
    - MaterialComponents/private/Math
    - MaterialComponents/Ripple
    - MaterialComponents/ShadowElevations
    - MaterialComponents/ShadowLayer
    - MaterialComponents/Typography
    - MDFInternationalization
  - MaterialComponents/Themes (124.2.0):
    - MaterialComponents/schemes/Color
    - MaterialComponents/schemes/Typography
  - MaterialComponents/Typography (124.2.0):
    - MaterialComponents/private/Application
    - MaterialComponents/private/Math
    - MDFTextAccessibility
  - MDFInternationalization (3.0.0)
  - MDFTextAccessibility (2.0.1)
  - MintegralAdSDK/All (7.6.1):
    - MintegralAdSDK/BannerAd
    - MintegralAdSDK/BidNativeAd
    - MintegralAdSDK/InterstitialVideoAd
    - MintegralAdSDK/NativeAd
    - MintegralAdSDK/NativeAdvancedAd
    - MintegralAdSDK/NewInterstitialAd
    - MintegralAdSDK/RewardVideoAd
    - MintegralAdSDK/SplashAd
  - MintegralAdSDK/BannerAd (7.6.1):
    - MintegralAdSDK/NativeAd
  - MintegralAdSDK/BidNativeAd (7.6.1):
    - MintegralAdSDK/NativeAd
  - MintegralAdSDK/InterstitialVideoAd (7.6.1):
    - MintegralAdSDK/NativeAd
  - MintegralAdSDK/NativeAd (7.6.1)
  - MintegralAdSDK/NativeAdvancedAd (7.6.1):
    - MintegralAdSDK/NativeAd
  - MintegralAdSDK/NewInterstitialAd (7.6.1):
    - MintegralAdSDK/InterstitialVideoAd
    - MintegralAdSDK/NativeAd
  - MintegralAdSDK/RewardVideoAd (7.6.1):
    - MintegralAdSDK/NativeAd
  - MintegralAdSDK/SplashAd (7.6.1):
    - MintegralAdSDK/NativeAd
  - monetization_kit (0.0.1):
    - AppLovinSDK
    - Flutter
    - google_mobile_ads
    - GoogleMobileAdsMediationAppLovin
    - GoogleMobileAdsMediationChartboost
    - GoogleMobileAdsMediationFacebook
    - GoogleMobileAdsMediationInMobi
    - GoogleMobileAdsMediationMintegral
    - GoogleMobileAdsMediationPangle
    - GoogleMobileAdsMediationTestSuite
    - GoogleMobileAdsMediationUnity
  - path_provider_foundation (0.0.1):
    - Flutter
    - FlutterMacOS
  - UnityAds (4.10.0)
  - user_messaging_platform (0.0.1):
    - Flutter
    - GoogleUserMessagingPlatform (~> 2.1)
  - webview_flutter_wkwebview (0.0.1):
    - Flutter

DEPENDENCIES:
  - Flutter (from `Flutter`)
  - flutter_inapp_purchase (from `.symlinks/plugins/flutter_inapp_purchase/ios`)
  - google_mobile_ads (from `.symlinks/plugins/google_mobile_ads/ios`)
  - monetization_kit (from `.symlinks/plugins/monetization_kit/ios`)
  - path_provider_foundation (from `.symlinks/plugins/path_provider_foundation/darwin`)
  - user_messaging_platform (from `.symlinks/plugins/user_messaging_platform/ios`)
  - webview_flutter_wkwebview (from `.symlinks/plugins/webview_flutter_wkwebview/ios`)

SPEC REPOS:
  trunk:
    - Ads-Global
    - AppLovinSDK
    - BURelyFoundation_Global
    - ChartboostSDK
    - FBAudienceNetwork
    - Google-Mobile-Ads-SDK
    - GoogleMobileAdsMediationAppLovin
    - GoogleMobileAdsMediationChartboost
    - GoogleMobileAdsMediationFacebook
    - GoogleMobileAdsMediationInMobi
    - GoogleMobileAdsMediationMintegral
    - GoogleMobileAdsMediationPangle
    - GoogleMobileAdsMediationTestSuite
    - GoogleMobileAdsMediationUnity
    - GoogleUserMessagingPlatform
    - InMobiSDK
    - MaterialComponents
    - MDFInternationalization
    - MDFTextAccessibility
    - MintegralAdSDK
    - UnityAds

EXTERNAL SOURCES:
  Flutter:
    :path: Flutter
  flutter_inapp_purchase:
    :path: ".symlinks/plugins/flutter_inapp_purchase/ios"
  google_mobile_ads:
    :path: ".symlinks/plugins/google_mobile_ads/ios"
  monetization_kit:
    :path: ".symlinks/plugins/monetization_kit/ios"
  path_provider_foundation:
    :path: ".symlinks/plugins/path_provider_foundation/darwin"
  user_messaging_platform:
    :path: ".symlinks/plugins/user_messaging_platform/ios"
  webview_flutter_wkwebview:
    :path: ".symlinks/plugins/webview_flutter_wkwebview/ios"

SPEC CHECKSUMS:
  Ads-Global: b2f2943acdeedeae08aa9dce19706e1edbbd5442
  AppLovinSDK: c57ad0d34625c971d2db127f8ef60570b28ff51a
  BURelyFoundation_Global: 17ed9cd58d138feefd8c0711dd3294766adcb28e
  ChartboostSDK: 0cd093c90a5a21c89783fe5be486e511fb2dbfc8
  FBAudienceNetwork: 6c560e4c68823ec5da1e84868544a8a246e0e201
  Flutter: e0871f40cf51350855a761d2e70bf5af5b9b5de7
  flutter_inapp_purchase: 5c6a1ac3f11b11d0c8c0321c0c41c1f05805e4c8
  Google-Mobile-Ads-SDK: 5a6d005a6cb5b5e8f4c7b69ca05cdea79c181139
  google_mobile_ads: 5698dd1cd5a3cfc6688abec7db5428f237d6b1ac
  GoogleMobileAdsMediationAppLovin: bec02fea799187f82edb151c227bc0723953d15c
  GoogleMobileAdsMediationChartboost: ef674600037f6ccd046df19ed663d223e4822026
  GoogleMobileAdsMediationFacebook: 26dec5611c04af55eba3dd16c564bafa8ebd7131
  GoogleMobileAdsMediationInMobi: 316ea98b089e743de385888ae6ae4d1807c33321
  GoogleMobileAdsMediationMintegral: eacbfa23f942d140dd6b61df93a59816a23c2a76
  GoogleMobileAdsMediationPangle: 436633392ec6f35b288e4a6469a877d2d83bbbd1
  GoogleMobileAdsMediationTestSuite: 072c67cb9b10b6f7847b0733baadf7c77e2d737f
  GoogleMobileAdsMediationUnity: 144474b1e19b3b4a8b60cf3da8f0d9ca25d83597
  GoogleUserMessagingPlatform: b1ad7bb1ee3ce64749d4fec24f667b36e45c396c
  InMobiSDK: 8b93c1d4d8ac0d91cf9585fc8b65750b8f09e835
  MaterialComponents: 1a9b2d9d45b1601ae544de85089adc4c464306d4
  MDFInternationalization: d697c55307816222a55685c4ccb1044ffb030c12
  MDFTextAccessibility: f4bb4cc2194286651b59a215fdeaa0e05dc90ba5
  MintegralAdSDK: b9561720d5f78df3b4c84549905117b2f3789d26
  monetization_kit: a5b3410a5bb145e021e9b10325c49f0d53e491da
  path_provider_foundation: 3784922295ac71e43754bd15e0653ccfd36a147c
  UnityAds: 5601f6397b0e02ed3ed6ee92827f5177a523aab6
  user_messaging_platform: 6dbd1633fe91f750fad2fe886e55ef5a66f7ea22
  webview_flutter_wkwebview: be0f0d33777f1bfd0c9fdcb594786704dbf65f36

PODFILE CHECKSUM: d4255e0ecff7f2601f979bea315bcd80b642dace

COCOAPODS: 1.14.3
